// !$*UTF8*$!
{
	archiveVersion = 1;
	classes = {
	};
	objectVersion = 51;
	objects = {

/* Begin PBXBuildFile section */
		00DF96B3258D6844009F5D7F /* HabitPage.swift in Sources */ = {isa = PBXBuildFile; fileRef = 00DF96B2258D6844009F5D7F /* HabitPage.swift */; };
		197FC7F1258D5392004AAADA /* SummaryViewController.swift in Sources */ = {isa = PBXBuildFile; fileRef = 197FC7F0258D5392004AAADA /* SummaryViewController.swift */; };
		857651621A33EFEE7987F101 /* Pods_Keep_Up_Keep_UpUITests.framework in Frameworks */ = {isa = PBXBuildFile; fileRef = D1CE8B6D6ADCA374AAAC5453 /* Pods_Keep_Up_Keep_UpUITests.framework */; };
		A0BFFCFBBAAFB16DE07DC1E3 /* Pods_Keep_UpTests.framework in Frameworks */ = {isa = PBXBuildFile; fileRef = 1B6B50ECAA46F19FA868ACC3 /* Pods_Keep_UpTests.framework */; };
		B4185964258D2C1E00CBFA16 /* GoogleService-Info.plist in Resources */ = {isa = PBXBuildFile; fileRef = B4185963258D2C1E00CBFA16 /* GoogleService-Info.plist */; };
		B4185965258D2C1E00CBFA16 /* GoogleService-Info.plist in Resources */ = {isa = PBXBuildFile; fileRef = B4185963258D2C1E00CBFA16 /* GoogleService-Info.plist */; };
		B4185966258D2C1E00CBFA16 /* GoogleService-Info.plist in Resources */ = {isa = PBXBuildFile; fileRef = B4185963258D2C1E00CBFA16 /* GoogleService-Info.plist */; };
		D1F7300B258D086C00974903 /* AppDelegate.swift in Sources */ = {isa = PBXBuildFile; fileRef = D1F7300A258D086C00974903 /* AppDelegate.swift */; };
		D1F7300D258D086C00974903 /* SceneDelegate.swift in Sources */ = {isa = PBXBuildFile; fileRef = D1F7300C258D086C00974903 /* SceneDelegate.swift */; };
		D1F7300F258D086C00974903 /* ViewController.swift in Sources */ = {isa = PBXBuildFile; fileRef = D1F7300E258D086C00974903 /* ViewController.swift */; };
		D1F73012258D086C00974903 /* Main.storyboard in Resources */ = {isa = PBXBuildFile; fileRef = D1F73010258D086C00974903 /* Main.storyboard */; };
		D1F73014258D087100974903 /* Assets.xcassets in Resources */ = {isa = PBXBuildFile; fileRef = D1F73013258D087100974903 /* Assets.xcassets */; };
		D1F73017258D087100974903 /* LaunchScreen.storyboard in Resources */ = {isa = PBXBuildFile; fileRef = D1F73015258D087100974903 /* LaunchScreen.storyboard */; };
		D1F73022258D087200974903 /* Keep_UpTests.swift in Sources */ = {isa = PBXBuildFile; fileRef = D1F73021258D087200974903 /* Keep_UpTests.swift */; };
		D1F7302D258D087200974903 /* Keep_UpUITests.swift in Sources */ = {isa = PBXBuildFile; fileRef = D1F7302C258D087200974903 /* Keep_UpUITests.swift */; };
		E7E339DD2F805B357E988F8D /* Pods_Keep_Up.framework in Frameworks */ = {isa = PBXBuildFile; fileRef = C61557761B38D51755E360DE /* Pods_Keep_Up.framework */; };
		F262DF21258D600900EEE05E /* SignUpViewController.swift in Sources */ = {isa = PBXBuildFile; fileRef = F262DF20258D600900EEE05E /* SignUpViewController.swift */; };
		F262DF26258D602600EEE05E /* LoginViewController.swift in Sources */ = {isa = PBXBuildFile; fileRef = F262DF25258D602600EEE05E /* LoginViewController.swift */; };
		F262DF30258D67CB00EEE05E /* Utilities.swift in Sources */ = {isa = PBXBuildFile; fileRef = F262DF2F258D67CB00EEE05E /* Utilities.swift */; };
		F262DF35258D67F400EEE05E /* Constants.swift in Sources */ = {isa = PBXBuildFile; fileRef = F262DF34258D67F400EEE05E /* Constants.swift */; };
		F262DF5E258D9D5D00EEE05E /* HomeViewController.swift in Sources */ = {isa = PBXBuildFile; fileRef = F262DF5D258D9D5D00EEE05E /* HomeViewController.swift */; };
		F262DF63258D9F2500EEE05E /* InitialViewController.swift in Sources */ = {isa = PBXBuildFile; fileRef = F262DF62258D9F2500EEE05E /* InitialViewController.swift */; };
/* End PBXBuildFile section */

/* Begin PBXContainerItemProxy section */
		D1F7301E258D087200974903 /* PBXContainerItemProxy */ = {
			isa = PBXContainerItemProxy;
			containerPortal = D1F72FFF258D086C00974903 /* Project object */;
			proxyType = 1;
			remoteGlobalIDString = D1F73006258D086C00974903;
			remoteInfo = "Keep Up";
		};
		D1F73029258D087200974903 /* PBXContainerItemProxy */ = {
			isa = PBXContainerItemProxy;
			containerPortal = D1F72FFF258D086C00974903 /* Project object */;
			proxyType = 1;
			remoteGlobalIDString = D1F73006258D086C00974903;
			remoteInfo = "Keep Up";
		};
/* End PBXContainerItemProxy section */

/* Begin PBXFileReference section */
		00DF96B2258D6844009F5D7F /* HabitPage.swift */ = {isa = PBXFileReference; lastKnownFileType = sourcecode.swift; path = HabitPage.swift; sourceTree = "<group>"; };
		197FC7F0258D5392004AAADA /* SummaryViewController.swift */ = {isa = PBXFileReference; lastKnownFileType = sourcecode.swift; path = SummaryViewController.swift; sourceTree = "<group>"; };
		1B6B50ECAA46F19FA868ACC3 /* Pods_Keep_UpTests.framework */ = {isa = PBXFileReference; explicitFileType = wrapper.framework; includeInIndex = 0; path = Pods_Keep_UpTests.framework; sourceTree = BUILT_PRODUCTS_DIR; };
		39BA587AC2403AE40F800F53 /* Pods-Keep Up-Keep UpUITests.debug.xcconfig */ = {isa = PBXFileReference; includeInIndex = 1; lastKnownFileType = text.xcconfig; name = "Pods-Keep Up-Keep UpUITests.debug.xcconfig"; path = "Target Support Files/Pods-Keep Up-Keep UpUITests/Pods-Keep Up-Keep UpUITests.debug.xcconfig"; sourceTree = "<group>"; };
		41CBA04F81A57528C933BD5F /* Pods-Keep Up.release.xcconfig */ = {isa = PBXFileReference; includeInIndex = 1; lastKnownFileType = text.xcconfig; name = "Pods-Keep Up.release.xcconfig"; path = "Target Support Files/Pods-Keep Up/Pods-Keep Up.release.xcconfig"; sourceTree = "<group>"; };
		6E6743E9DFEAA68C4ADA02E1 /* Pods-Keep Up-Keep UpUITests.release.xcconfig */ = {isa = PBXFileReference; includeInIndex = 1; lastKnownFileType = text.xcconfig; name = "Pods-Keep Up-Keep UpUITests.release.xcconfig"; path = "Target Support Files/Pods-Keep Up-Keep UpUITests/Pods-Keep Up-Keep UpUITests.release.xcconfig"; sourceTree = "<group>"; };
		94C5CE5B8B7DF434DD921467 /* Pods-Keep UpTests.debug.xcconfig */ = {isa = PBXFileReference; includeInIndex = 1; lastKnownFileType = text.xcconfig; name = "Pods-Keep UpTests.debug.xcconfig"; path = "Target Support Files/Pods-Keep UpTests/Pods-Keep UpTests.debug.xcconfig"; sourceTree = "<group>"; };
		B4185963258D2C1E00CBFA16 /* GoogleService-Info.plist */ = {isa = PBXFileReference; fileEncoding = 4; lastKnownFileType = text.plist.xml; path = "GoogleService-Info.plist"; sourceTree = "<group>"; };
		B622841432ED3AD5269E2AE4 /* Pods-Keep Up.debug.xcconfig */ = {isa = PBXFileReference; includeInIndex = 1; lastKnownFileType = text.xcconfig; name = "Pods-Keep Up.debug.xcconfig"; path = "Target Support Files/Pods-Keep Up/Pods-Keep Up.debug.xcconfig"; sourceTree = "<group>"; };
		BDF1F65C1ACBF0EEB6283EE5 /* Pods-Keep UpTests.release.xcconfig */ = {isa = PBXFileReference; includeInIndex = 1; lastKnownFileType = text.xcconfig; name = "Pods-Keep UpTests.release.xcconfig"; path = "Target Support Files/Pods-Keep UpTests/Pods-Keep UpTests.release.xcconfig"; sourceTree = "<group>"; };
		C61557761B38D51755E360DE /* Pods_Keep_Up.framework */ = {isa = PBXFileReference; explicitFileType = wrapper.framework; includeInIndex = 0; path = Pods_Keep_Up.framework; sourceTree = BUILT_PRODUCTS_DIR; };
		D1CE8B6D6ADCA374AAAC5453 /* Pods_Keep_Up_Keep_UpUITests.framework */ = {isa = PBXFileReference; explicitFileType = wrapper.framework; includeInIndex = 0; path = Pods_Keep_Up_Keep_UpUITests.framework; sourceTree = BUILT_PRODUCTS_DIR; };
		D1F73007258D086C00974903 /* Keep Up.app */ = {isa = PBXFileReference; explicitFileType = wrapper.application; includeInIndex = 0; path = "Keep Up.app"; sourceTree = BUILT_PRODUCTS_DIR; };
		D1F7300A258D086C00974903 /* AppDelegate.swift */ = {isa = PBXFileReference; lastKnownFileType = sourcecode.swift; path = AppDelegate.swift; sourceTree = "<group>"; };
		D1F7300C258D086C00974903 /* SceneDelegate.swift */ = {isa = PBXFileReference; lastKnownFileType = sourcecode.swift; path = SceneDelegate.swift; sourceTree = "<group>"; };
		D1F7300E258D086C00974903 /* ViewController.swift */ = {isa = PBXFileReference; lastKnownFileType = sourcecode.swift; path = ViewController.swift; sourceTree = "<group>"; };
		D1F73011258D086C00974903 /* Base */ = {isa = PBXFileReference; lastKnownFileType = file.storyboard; name = Base; path = Base.lproj/Main.storyboard; sourceTree = "<group>"; };
		D1F73013258D087100974903 /* Assets.xcassets */ = {isa = PBXFileReference; lastKnownFileType = folder.assetcatalog; path = Assets.xcassets; sourceTree = "<group>"; };
		D1F73016258D087100974903 /* Base */ = {isa = PBXFileReference; lastKnownFileType = file.storyboard; name = Base; path = Base.lproj/LaunchScreen.storyboard; sourceTree = "<group>"; };
		D1F73018258D087100974903 /* Info.plist */ = {isa = PBXFileReference; lastKnownFileType = text.plist.xml; path = Info.plist; sourceTree = "<group>"; };
		D1F7301D258D087200974903 /* Keep UpTests.xctest */ = {isa = PBXFileReference; explicitFileType = wrapper.cfbundle; includeInIndex = 0; path = "Keep UpTests.xctest"; sourceTree = BUILT_PRODUCTS_DIR; };
		D1F73021258D087200974903 /* Keep_UpTests.swift */ = {isa = PBXFileReference; lastKnownFileType = sourcecode.swift; path = Keep_UpTests.swift; sourceTree = "<group>"; };
		D1F73023258D087200974903 /* Info.plist */ = {isa = PBXFileReference; lastKnownFileType = text.plist.xml; path = Info.plist; sourceTree = "<group>"; };
		D1F73028258D087200974903 /* Keep UpUITests.xctest */ = {isa = PBXFileReference; explicitFileType = wrapper.cfbundle; includeInIndex = 0; path = "Keep UpUITests.xctest"; sourceTree = BUILT_PRODUCTS_DIR; };
		D1F7302C258D087200974903 /* Keep_UpUITests.swift */ = {isa = PBXFileReference; lastKnownFileType = sourcecode.swift; path = Keep_UpUITests.swift; sourceTree = "<group>"; };
		D1F7302E258D087200974903 /* Info.plist */ = {isa = PBXFileReference; lastKnownFileType = text.plist.xml; path = Info.plist; sourceTree = "<group>"; };
		F262DF20258D600900EEE05E /* SignUpViewController.swift */ = {isa = PBXFileReference; lastKnownFileType = sourcecode.swift; path = SignUpViewController.swift; sourceTree = "<group>"; };
		F262DF25258D602600EEE05E /* LoginViewController.swift */ = {isa = PBXFileReference; lastKnownFileType = sourcecode.swift; path = LoginViewController.swift; sourceTree = "<group>"; };
		F262DF2F258D67CB00EEE05E /* Utilities.swift */ = {isa = PBXFileReference; lastKnownFileType = sourcecode.swift; path = Utilities.swift; sourceTree = "<group>"; };
		F262DF34258D67F400EEE05E /* Constants.swift */ = {isa = PBXFileReference; lastKnownFileType = sourcecode.swift; path = Constants.swift; sourceTree = "<group>"; };
		F262DF5D258D9D5D00EEE05E /* HomeViewController.swift */ = {isa = PBXFileReference; lastKnownFileType = sourcecode.swift; path = HomeViewController.swift; sourceTree = "<group>"; };
		F262DF62258D9F2500EEE05E /* InitialViewController.swift */ = {isa = PBXFileReference; lastKnownFileType = sourcecode.swift; path = InitialViewController.swift; sourceTree = "<group>"; };
/* End PBXFileReference section */

/* Begin PBXFrameworksBuildPhase section */
		D1F73004258D086C00974903 /* Frameworks */ = {
			isa = PBXFrameworksBuildPhase;
			buildActionMask = 2147483647;
			files = (
				E7E339DD2F805B357E988F8D /* Pods_Keep_Up.framework in Frameworks */,
			);
			runOnlyForDeploymentPostprocessing = 0;
		};
		D1F7301A258D087200974903 /* Frameworks */ = {
			isa = PBXFrameworksBuildPhase;
			buildActionMask = 2147483647;
			files = (
				A0BFFCFBBAAFB16DE07DC1E3 /* Pods_Keep_UpTests.framework in Frameworks */,
			);
			runOnlyForDeploymentPostprocessing = 0;
		};
		D1F73025258D087200974903 /* Frameworks */ = {
			isa = PBXFrameworksBuildPhase;
			buildActionMask = 2147483647;
			files = (
				857651621A33EFEE7987F101 /* Pods_Keep_Up_Keep_UpUITests.framework in Frameworks */,
			);
			runOnlyForDeploymentPostprocessing = 0;
		};
/* End PBXFrameworksBuildPhase section */

/* Begin PBXGroup section */
		031EE703A6801E0CA76AB8AA /* Pods */ = {
			isa = PBXGroup;
			children = (
				B622841432ED3AD5269E2AE4 /* Pods-Keep Up.debug.xcconfig */,
				41CBA04F81A57528C933BD5F /* Pods-Keep Up.release.xcconfig */,
				39BA587AC2403AE40F800F53 /* Pods-Keep Up-Keep UpUITests.debug.xcconfig */,
				6E6743E9DFEAA68C4ADA02E1 /* Pods-Keep Up-Keep UpUITests.release.xcconfig */,
				94C5CE5B8B7DF434DD921467 /* Pods-Keep UpTests.debug.xcconfig */,
				BDF1F65C1ACBF0EEB6283EE5 /* Pods-Keep UpTests.release.xcconfig */,
			);
			path = Pods;
			sourceTree = "<group>";
		};
		A2ACBDAB48CAEEF72D8EFD31 /* Frameworks */ = {
			isa = PBXGroup;
			children = (
				C61557761B38D51755E360DE /* Pods_Keep_Up.framework */,
				D1CE8B6D6ADCA374AAAC5453 /* Pods_Keep_Up_Keep_UpUITests.framework */,
				1B6B50ECAA46F19FA868ACC3 /* Pods_Keep_UpTests.framework */,
			);
			name = Frameworks;
			sourceTree = "<group>";
		};
		D1F72FFE258D086B00974903 = {
			isa = PBXGroup;
			children = (
				D1F73009258D086C00974903 /* Keep Up */,
				D1F73020258D087200974903 /* Keep UpTests */,
				D1F7302B258D087200974903 /* Keep UpUITests */,
				D1F73008258D086C00974903 /* Products */,
				031EE703A6801E0CA76AB8AA /* Pods */,
				A2ACBDAB48CAEEF72D8EFD31 /* Frameworks */,
			);
			sourceTree = "<group>";
		};
		D1F73008258D086C00974903 /* Products */ = {
			isa = PBXGroup;
			children = (
				D1F73007258D086C00974903 /* Keep Up.app */,
				D1F7301D258D087200974903 /* Keep UpTests.xctest */,
				D1F73028258D087200974903 /* Keep UpUITests.xctest */,
			);
			name = Products;
			sourceTree = "<group>";
		};
		D1F73009258D086C00974903 /* Keep Up */ = {
			isa = PBXGroup;
			children = (
				F262DF39258D682600EEE05E /* Helpers */,
				F262DF2B258D606300EEE05E /* SigningUp */,
				B4185963258D2C1E00CBFA16 /* GoogleService-Info.plist */,
				D1F7300A258D086C00974903 /* AppDelegate.swift */,
				D1F7300C258D086C00974903 /* SceneDelegate.swift */,
				D1F7300E258D086C00974903 /* ViewController.swift */,
				D1F73010258D086C00974903 /* Main.storyboard */,
				197FC7F0258D5392004AAADA /* SummaryViewController.swift */,
				D1F73013258D087100974903 /* Assets.xcassets */,
				D1F73015258D087100974903 /* LaunchScreen.storyboard */,
				D1F73018258D087100974903 /* Info.plist */,
				00DF96B2258D6844009F5D7F /* HabitPage.swift */,
			);
			path = "Keep Up";
			sourceTree = "<group>";
		};
		D1F73020258D087200974903 /* Keep UpTests */ = {
			isa = PBXGroup;
			children = (
				D1F73021258D087200974903 /* Keep_UpTests.swift */,
				D1F73023258D087200974903 /* Info.plist */,
			);
			path = "Keep UpTests";
			sourceTree = "<group>";
		};
		D1F7302B258D087200974903 /* Keep UpUITests */ = {
			isa = PBXGroup;
			children = (
				D1F7302C258D087200974903 /* Keep_UpUITests.swift */,
				D1F7302E258D087200974903 /* Info.plist */,
			);
			path = "Keep UpUITests";
			sourceTree = "<group>";
		};
		F262DF2B258D606300EEE05E /* SigningUp */ = {
			isa = PBXGroup;
			children = (
				F262DF20258D600900EEE05E /* SignUpViewController.swift */,
				F262DF25258D602600EEE05E /* LoginViewController.swift */,
				F262DF5D258D9D5D00EEE05E /* HomeViewController.swift */,
				F262DF62258D9F2500EEE05E /* InitialViewController.swift */,
			);
			path = SigningUp;
			sourceTree = "<group>";
		};
		F262DF39258D682600EEE05E /* Helpers */ = {
			isa = PBXGroup;
			children = (
				F262DF2F258D67CB00EEE05E /* Utilities.swift */,
				F262DF34258D67F400EEE05E /* Constants.swift */,
			);
			path = Helpers;
			sourceTree = "<group>";
		};
/* End PBXGroup section */

/* Begin PBXNativeTarget section */
		D1F73006258D086C00974903 /* Keep Up */ = {
			isa = PBXNativeTarget;
			buildConfigurationList = D1F73031258D087200974903 /* Build configuration list for PBXNativeTarget "Keep Up" */;
			buildPhases = (
				9809B6204FA87FAC49D17905 /* [CP] Check Pods Manifest.lock */,
				D1F73003258D086C00974903 /* Sources */,
				D1F73004258D086C00974903 /* Frameworks */,
				D1F73005258D086C00974903 /* Resources */,
				9DD1CA30FA2136DBB7F5A330 /* [CP] Embed Pods Frameworks */,
			);
			buildRules = (
			);
			dependencies = (
			);
			name = "Keep Up";
			productName = "Keep Up";
			productReference = D1F73007258D086C00974903 /* Keep Up.app */;
			productType = "com.apple.product-type.application";
		};
		D1F7301C258D087200974903 /* Keep UpTests */ = {
			isa = PBXNativeTarget;
			buildConfigurationList = D1F73034258D087200974903 /* Build configuration list for PBXNativeTarget "Keep UpTests" */;
			buildPhases = (
				C3BD8EB6E21C5C26046E4A9E /* [CP] Check Pods Manifest.lock */,
				D1F73019258D087200974903 /* Sources */,
				D1F7301A258D087200974903 /* Frameworks */,
				D1F7301B258D087200974903 /* Resources */,
			);
			buildRules = (
			);
			dependencies = (
				D1F7301F258D087200974903 /* PBXTargetDependency */,
			);
			name = "Keep UpTests";
			productName = "Keep UpTests";
			productReference = D1F7301D258D087200974903 /* Keep UpTests.xctest */;
			productType = "com.apple.product-type.bundle.unit-test";
		};
		D1F73027258D087200974903 /* Keep UpUITests */ = {
			isa = PBXNativeTarget;
			buildConfigurationList = D1F73037258D087200974903 /* Build configuration list for PBXNativeTarget "Keep UpUITests" */;
			buildPhases = (
				F8451669B94242BEECB093A4 /* [CP] Check Pods Manifest.lock */,
				D1F73024258D087200974903 /* Sources */,
				D1F73025258D087200974903 /* Frameworks */,
				D1F73026258D087200974903 /* Resources */,
				79945AF34696AB7D5BCEAE17 /* [CP] Embed Pods Frameworks */,
			);
			buildRules = (
			);
			dependencies = (
				D1F7302A258D087200974903 /* PBXTargetDependency */,
			);
			name = "Keep UpUITests";
			productName = "Keep UpUITests";
			productReference = D1F73028258D087200974903 /* Keep UpUITests.xctest */;
			productType = "com.apple.product-type.bundle.ui-testing";
		};
/* End PBXNativeTarget section */

/* Begin PBXProject section */
		D1F72FFF258D086C00974903 /* Project object */ = {
			isa = PBXProject;
			attributes = {
				LastSwiftUpdateCheck = 1230;
				LastUpgradeCheck = 1230;
				TargetAttributes = {
					D1F73006258D086C00974903 = {
						CreatedOnToolsVersion = 12.3;
					};
					D1F7301C258D087200974903 = {
						CreatedOnToolsVersion = 12.3;
						TestTargetID = D1F73006258D086C00974903;
					};
					D1F73027258D087200974903 = {
						CreatedOnToolsVersion = 12.3;
						TestTargetID = D1F73006258D086C00974903;
					};
				};
			};
			buildConfigurationList = D1F73002258D086C00974903 /* Build configuration list for PBXProject "Keep Up" */;
			compatibilityVersion = "Xcode 9.3";
			developmentRegion = en;
			hasScannedForEncodings = 0;
			knownRegions = (
				en,
				Base,
			);
			mainGroup = D1F72FFE258D086B00974903;
			productRefGroup = D1F73008258D086C00974903 /* Products */;
			projectDirPath = "";
			projectRoot = "";
			targets = (
				D1F73006258D086C00974903 /* Keep Up */,
				D1F7301C258D087200974903 /* Keep UpTests */,
				D1F73027258D087200974903 /* Keep UpUITests */,
			);
		};
/* End PBXProject section */

/* Begin PBXResourcesBuildPhase section */
		D1F73005258D086C00974903 /* Resources */ = {
			isa = PBXResourcesBuildPhase;
			buildActionMask = 2147483647;
			files = (
				B4185964258D2C1E00CBFA16 /* GoogleService-Info.plist in Resources */,
				D1F73017258D087100974903 /* LaunchScreen.storyboard in Resources */,
				D1F73014258D087100974903 /* Assets.xcassets in Resources */,
				D1F73012258D086C00974903 /* Main.storyboard in Resources */,
			);
			runOnlyForDeploymentPostprocessing = 0;
		};
		D1F7301B258D087200974903 /* Resources */ = {
			isa = PBXResourcesBuildPhase;
			buildActionMask = 2147483647;
			files = (
				B4185965258D2C1E00CBFA16 /* GoogleService-Info.plist in Resources */,
			);
			runOnlyForDeploymentPostprocessing = 0;
		};
		D1F73026258D087200974903 /* Resources */ = {
			isa = PBXResourcesBuildPhase;
			buildActionMask = 2147483647;
			files = (
				B4185966258D2C1E00CBFA16 /* GoogleService-Info.plist in Resources */,
			);
			runOnlyForDeploymentPostprocessing = 0;
		};
/* End PBXResourcesBuildPhase section */

/* Begin PBXShellScriptBuildPhase section */
		79945AF34696AB7D5BCEAE17 /* [CP] Embed Pods Frameworks */ = {
			isa = PBXShellScriptBuildPhase;
			buildActionMask = 2147483647;
			files = (
			);
			inputFileListPaths = (
				"${PODS_ROOT}/Target Support Files/Pods-Keep Up-Keep UpUITests/Pods-Keep Up-Keep UpUITests-frameworks-${CONFIGURATION}-input-files.xcfilelist",
			);
			name = "[CP] Embed Pods Frameworks";
			outputFileListPaths = (
				"${PODS_ROOT}/Target Support Files/Pods-Keep Up-Keep UpUITests/Pods-Keep Up-Keep UpUITests-frameworks-${CONFIGURATION}-output-files.xcfilelist",
			);
			runOnlyForDeploymentPostprocessing = 0;
			shellPath = /bin/sh;
			shellScript = "\"${PODS_ROOT}/Target Support Files/Pods-Keep Up-Keep UpUITests/Pods-Keep Up-Keep UpUITests-frameworks.sh\"\n";
			showEnvVarsInLog = 0;
		};
		9809B6204FA87FAC49D17905 /* [CP] Check Pods Manifest.lock */ = {
			isa = PBXShellScriptBuildPhase;
			buildActionMask = 2147483647;
			files = (
			);
			inputFileListPaths = (
			);
			inputPaths = (
				"${PODS_PODFILE_DIR_PATH}/Podfile.lock",
				"${PODS_ROOT}/Manifest.lock",
			);
			name = "[CP] Check Pods Manifest.lock";
			outputFileListPaths = (
			);
			outputPaths = (
				"$(DERIVED_FILE_DIR)/Pods-Keep Up-checkManifestLockResult.txt",
			);
			runOnlyForDeploymentPostprocessing = 0;
			shellPath = /bin/sh;
			shellScript = "diff \"${PODS_PODFILE_DIR_PATH}/Podfile.lock\" \"${PODS_ROOT}/Manifest.lock\" > /dev/null\nif [ $? != 0 ] ; then\n    # print error to STDERR\n    echo \"error: The sandbox is not in sync with the Podfile.lock. Run 'pod install' or update your CocoaPods installation.\" >&2\n    exit 1\nfi\n# This output is used by Xcode 'outputs' to avoid re-running this script phase.\necho \"SUCCESS\" > \"${SCRIPT_OUTPUT_FILE_0}\"\n";
			showEnvVarsInLog = 0;
		};
		9DD1CA30FA2136DBB7F5A330 /* [CP] Embed Pods Frameworks */ = {
			isa = PBXShellScriptBuildPhase;
			buildActionMask = 2147483647;
			files = (
			);
			inputFileListPaths = (
				"${PODS_ROOT}/Target Support Files/Pods-Keep Up/Pods-Keep Up-frameworks-${CONFIGURATION}-input-files.xcfilelist",
			);
			name = "[CP] Embed Pods Frameworks";
			outputFileListPaths = (
				"${PODS_ROOT}/Target Support Files/Pods-Keep Up/Pods-Keep Up-frameworks-${CONFIGURATION}-output-files.xcfilelist",
			);
			runOnlyForDeploymentPostprocessing = 0;
			shellPath = /bin/sh;
			shellScript = "\"${PODS_ROOT}/Target Support Files/Pods-Keep Up/Pods-Keep Up-frameworks.sh\"\n";
			showEnvVarsInLog = 0;
		};
		C3BD8EB6E21C5C26046E4A9E /* [CP] Check Pods Manifest.lock */ = {
			isa = PBXShellScriptBuildPhase;
			buildActionMask = 2147483647;
			files = (
			);
			inputFileListPaths = (
			);
			inputPaths = (
				"${PODS_PODFILE_DIR_PATH}/Podfile.lock",
				"${PODS_ROOT}/Manifest.lock",
			);
			name = "[CP] Check Pods Manifest.lock";
			outputFileListPaths = (
			);
			outputPaths = (
				"$(DERIVED_FILE_DIR)/Pods-Keep UpTests-checkManifestLockResult.txt",
			);
			runOnlyForDeploymentPostprocessing = 0;
			shellPath = /bin/sh;
			shellScript = "diff \"${PODS_PODFILE_DIR_PATH}/Podfile.lock\" \"${PODS_ROOT}/Manifest.lock\" > /dev/null\nif [ $? != 0 ] ; then\n    # print error to STDERR\n    echo \"error: The sandbox is not in sync with the Podfile.lock. Run 'pod install' or update your CocoaPods installation.\" >&2\n    exit 1\nfi\n# This output is used by Xcode 'outputs' to avoid re-running this script phase.\necho \"SUCCESS\" > \"${SCRIPT_OUTPUT_FILE_0}\"\n";
			showEnvVarsInLog = 0;
		};
		F8451669B94242BEECB093A4 /* [CP] Check Pods Manifest.lock */ = {
			isa = PBXShellScriptBuildPhase;
			buildActionMask = 2147483647;
			files = (
			);
			inputFileListPaths = (
			);
			inputPaths = (
				"${PODS_PODFILE_DIR_PATH}/Podfile.lock",
				"${PODS_ROOT}/Manifest.lock",
			);
			name = "[CP] Check Pods Manifest.lock";
			outputFileListPaths = (
			);
			outputPaths = (
				"$(DERIVED_FILE_DIR)/Pods-Keep Up-Keep UpUITests-checkManifestLockResult.txt",
			);
			runOnlyForDeploymentPostprocessing = 0;
			shellPath = /bin/sh;
			shellScript = "diff \"${PODS_PODFILE_DIR_PATH}/Podfile.lock\" \"${PODS_ROOT}/Manifest.lock\" > /dev/null\nif [ $? != 0 ] ; then\n    # print error to STDERR\n    echo \"error: The sandbox is not in sync with the Podfile.lock. Run 'pod install' or update your CocoaPods installation.\" >&2\n    exit 1\nfi\n# This output is used by Xcode 'outputs' to avoid re-running this script phase.\necho \"SUCCESS\" > \"${SCRIPT_OUTPUT_FILE_0}\"\n";
			showEnvVarsInLog = 0;
		};
/* End PBXShellScriptBuildPhase section */

/* Begin PBXSourcesBuildPhase section */
		D1F73003258D086C00974903 /* Sources */ = {
			isa = PBXSourcesBuildPhase;
			buildActionMask = 2147483647;
			files = (
				F262DF26258D602600EEE05E /* LoginViewController.swift in Sources */,
				D1F7300F258D086C00974903 /* ViewController.swift in Sources */,
				F262DF63258D9F2500EEE05E /* InitialViewController.swift in Sources */,
				F262DF30258D67CB00EEE05E /* Utilities.swift in Sources */,
				D1F7300B258D086C00974903 /* AppDelegate.swift in Sources */,
				D1F7300D258D086C00974903 /* SceneDelegate.swift in Sources */,
				197FC7F1258D5392004AAADA /* SummaryViewController.swift in Sources */,
				00DF96B3258D6844009F5D7F /* HabitPage.swift in Sources */,
				F262DF5E258D9D5D00EEE05E /* HomeViewController.swift in Sources */,
				F262DF21258D600900EEE05E /* SignUpViewController.swift in Sources */,
				F262DF35258D67F400EEE05E /* Constants.swift in Sources */,
			);
			runOnlyForDeploymentPostprocessing = 0;
		};
		D1F73019258D087200974903 /* Sources */ = {
			isa = PBXSourcesBuildPhase;
			buildActionMask = 2147483647;
			files = (
				D1F73022258D087200974903 /* Keep_UpTests.swift in Sources */,
			);
			runOnlyForDeploymentPostprocessing = 0;
		};
		D1F73024258D087200974903 /* Sources */ = {
			isa = PBXSourcesBuildPhase;
			buildActionMask = 2147483647;
			files = (
				D1F7302D258D087200974903 /* Keep_UpUITests.swift in Sources */,
			);
			runOnlyForDeploymentPostprocessing = 0;
		};
/* End PBXSourcesBuildPhase section */

/* Begin PBXTargetDependency section */
		D1F7301F258D087200974903 /* PBXTargetDependency */ = {
			isa = PBXTargetDependency;
			target = D1F73006258D086C00974903 /* Keep Up */;
			targetProxy = D1F7301E258D087200974903 /* PBXContainerItemProxy */;
		};
		D1F7302A258D087200974903 /* PBXTargetDependency */ = {
			isa = PBXTargetDependency;
			target = D1F73006258D086C00974903 /* Keep Up */;
			targetProxy = D1F73029258D087200974903 /* PBXContainerItemProxy */;
		};
/* End PBXTargetDependency section */

/* Begin PBXVariantGroup section */
		D1F73010258D086C00974903 /* Main.storyboard */ = {
			isa = PBXVariantGroup;
			children = (
				D1F73011258D086C00974903 /* Base */,
			);
			name = Main.storyboard;
			sourceTree = "<group>";
		};
		D1F73015258D087100974903 /* LaunchScreen.storyboard */ = {
			isa = PBXVariantGroup;
			children = (
				D1F73016258D087100974903 /* Base */,
			);
			name = LaunchScreen.storyboard;
			sourceTree = "<group>";
		};
/* End PBXVariantGroup section */

/* Begin XCBuildConfiguration section */
		D1F7302F258D087200974903 /* Debug */ = {
			isa = XCBuildConfiguration;
			buildSettings = {
				ALWAYS_SEARCH_USER_PATHS = NO;
				CLANG_ANALYZER_NONNULL = YES;
				CLANG_ANALYZER_NUMBER_OBJECT_CONVERSION = YES_AGGRESSIVE;
				CLANG_CXX_LANGUAGE_STANDARD = "gnu++14";
				CLANG_CXX_LIBRARY = "libc++";
				CLANG_ENABLE_MODULES = YES;
				CLANG_ENABLE_OBJC_ARC = YES;
				CLANG_ENABLE_OBJC_WEAK = YES;
				CLANG_WARN_BLOCK_CAPTURE_AUTORELEASING = YES;
				CLANG_WARN_BOOL_CONVERSION = YES;
				CLANG_WARN_COMMA = YES;
				CLANG_WARN_CONSTANT_CONVERSION = YES;
				CLANG_WARN_DEPRECATED_OBJC_IMPLEMENTATIONS = YES;
				CLANG_WARN_DIRECT_OBJC_ISA_USAGE = YES_ERROR;
				CLANG_WARN_DOCUMENTATION_COMMENTS = YES;
				CLANG_WARN_EMPTY_BODY = YES;
				CLANG_WARN_ENUM_CONVERSION = YES;
				CLANG_WARN_INFINITE_RECURSION = YES;
				CLANG_WARN_INT_CONVERSION = YES;
				CLANG_WARN_NON_LITERAL_NULL_CONVERSION = YES;
				CLANG_WARN_OBJC_IMPLICIT_RETAIN_SELF = YES;
				CLANG_WARN_OBJC_LITERAL_CONVERSION = YES;
				CLANG_WARN_OBJC_ROOT_CLASS = YES_ERROR;
				CLANG_WARN_QUOTED_INCLUDE_IN_FRAMEWORK_HEADER = YES;
				CLANG_WARN_RANGE_LOOP_ANALYSIS = YES;
				CLANG_WARN_STRICT_PROTOTYPES = YES;
				CLANG_WARN_SUSPICIOUS_MOVE = YES;
				CLANG_WARN_UNGUARDED_AVAILABILITY = YES_AGGRESSIVE;
				CLANG_WARN_UNREACHABLE_CODE = YES;
				CLANG_WARN__DUPLICATE_METHOD_MATCH = YES;
				COPY_PHASE_STRIP = NO;
				DEBUG_INFORMATION_FORMAT = dwarf;
				ENABLE_STRICT_OBJC_MSGSEND = YES;
				ENABLE_TESTABILITY = YES;
				GCC_C_LANGUAGE_STANDARD = gnu11;
				GCC_DYNAMIC_NO_PIC = NO;
				GCC_NO_COMMON_BLOCKS = YES;
				GCC_OPTIMIZATION_LEVEL = 0;
				GCC_PREPROCESSOR_DEFINITIONS = (
					"DEBUG=1",
					"$(inherited)",
				);
				GCC_WARN_64_TO_32_BIT_CONVERSION = YES;
				GCC_WARN_ABOUT_RETURN_TYPE = YES_ERROR;
				GCC_WARN_UNDECLARED_SELECTOR = YES;
				GCC_WARN_UNINITIALIZED_AUTOS = YES_AGGRESSIVE;
				GCC_WARN_UNUSED_FUNCTION = YES;
				GCC_WARN_UNUSED_VARIABLE = YES;
				IPHONEOS_DEPLOYMENT_TARGET = 14.3;
				MTL_ENABLE_DEBUG_INFO = INCLUDE_SOURCE;
				MTL_FAST_MATH = YES;
				ONLY_ACTIVE_ARCH = YES;
				SDKROOT = iphoneos;
				SWIFT_ACTIVE_COMPILATION_CONDITIONS = DEBUG;
				SWIFT_OPTIMIZATION_LEVEL = "-Onone";
			};
			name = Debug;
		};
		D1F73030258D087200974903 /* Release */ = {
			isa = XCBuildConfiguration;
			buildSettings = {
				ALWAYS_SEARCH_USER_PATHS = NO;
				CLANG_ANALYZER_NONNULL = YES;
				CLANG_ANALYZER_NUMBER_OBJECT_CONVERSION = YES_AGGRESSIVE;
				CLANG_CXX_LANGUAGE_STANDARD = "gnu++14";
				CLANG_CXX_LIBRARY = "libc++";
				CLANG_ENABLE_MODULES = YES;
				CLANG_ENABLE_OBJC_ARC = YES;
				CLANG_ENABLE_OBJC_WEAK = YES;
				CLANG_WARN_BLOCK_CAPTURE_AUTORELEASING = YES;
				CLANG_WARN_BOOL_CONVERSION = YES;
				CLANG_WARN_COMMA = YES;
				CLANG_WARN_CONSTANT_CONVERSION = YES;
				CLANG_WARN_DEPRECATED_OBJC_IMPLEMENTATIONS = YES;
				CLANG_WARN_DIRECT_OBJC_ISA_USAGE = YES_ERROR;
				CLANG_WARN_DOCUMENTATION_COMMENTS = YES;
				CLANG_WARN_EMPTY_BODY = YES;
				CLANG_WARN_ENUM_CONVERSION = YES;
				CLANG_WARN_INFINITE_RECURSION = YES;
				CLANG_WARN_INT_CONVERSION = YES;
				CLANG_WARN_NON_LITERAL_NULL_CONVERSION = YES;
				CLANG_WARN_OBJC_IMPLICIT_RETAIN_SELF = YES;
				CLANG_WARN_OBJC_LITERAL_CONVERSION = YES;
				CLANG_WARN_OBJC_ROOT_CLASS = YES_ERROR;
				CLANG_WARN_QUOTED_INCLUDE_IN_FRAMEWORK_HEADER = YES;
				CLANG_WARN_RANGE_LOOP_ANALYSIS = YES;
				CLANG_WARN_STRICT_PROTOTYPES = YES;
				CLANG_WARN_SUSPICIOUS_MOVE = YES;
				CLANG_WARN_UNGUARDED_AVAILABILITY = YES_AGGRESSIVE;
				CLANG_WARN_UNREACHABLE_CODE = YES;
				CLANG_WARN__DUPLICATE_METHOD_MATCH = YES;
				COPY_PHASE_STRIP = NO;
				DEBUG_INFORMATION_FORMAT = "dwarf-with-dsym";
				ENABLE_NS_ASSERTIONS = NO;
				ENABLE_STRICT_OBJC_MSGSEND = YES;
				GCC_C_LANGUAGE_STANDARD = gnu11;
				GCC_NO_COMMON_BLOCKS = YES;
				GCC_WARN_64_TO_32_BIT_CONVERSION = YES;
				GCC_WARN_ABOUT_RETURN_TYPE = YES_ERROR;
				GCC_WARN_UNDECLARED_SELECTOR = YES;
				GCC_WARN_UNINITIALIZED_AUTOS = YES_AGGRESSIVE;
				GCC_WARN_UNUSED_FUNCTION = YES;
				GCC_WARN_UNUSED_VARIABLE = YES;
				IPHONEOS_DEPLOYMENT_TARGET = 14.3;
				MTL_ENABLE_DEBUG_INFO = NO;
				MTL_FAST_MATH = YES;
				SDKROOT = iphoneos;
				SWIFT_COMPILATION_MODE = wholemodule;
				SWIFT_OPTIMIZATION_LEVEL = "-O";
				VALIDATE_PRODUCT = YES;
			};
			name = Release;
		};
		D1F73032258D087200974903 /* Debug */ = {
			isa = XCBuildConfiguration;
			baseConfigurationReference = B622841432ED3AD5269E2AE4 /* Pods-Keep Up.debug.xcconfig */;
			buildSettings = {
				ASSETCATALOG_COMPILER_APPICON_NAME = AppIcon;
				ASSETCATALOG_COMPILER_GLOBAL_ACCENT_COLOR_NAME = AccentColor;
				CODE_SIGN_STYLE = Automatic;
				INFOPLIST_FILE = "Keep Up/Info.plist";
				IPHONEOS_DEPLOYMENT_TARGET = 13.0;
				LD_RUNPATH_SEARCH_PATHS = (
					"$(inherited)",
					"@executable_path/Frameworks",
				);
				PRODUCT_BUNDLE_IDENTIFIER = "duke.Keep-Up";
				PRODUCT_NAME = "$(TARGET_NAME)";
				SWIFT_VERSION = 5.0;
				TARGETED_DEVICE_FAMILY = "1,2";
			};
			name = Debug;
		};
		D1F73033258D087200974903 /* Release */ = {
			isa = XCBuildConfiguration;
			baseConfigurationReference = 41CBA04F81A57528C933BD5F /* Pods-Keep Up.release.xcconfig */;
			buildSettings = {
				ASSETCATALOG_COMPILER_APPICON_NAME = AppIcon;
				ASSETCATALOG_COMPILER_GLOBAL_ACCENT_COLOR_NAME = AccentColor;
				CODE_SIGN_STYLE = Automatic;
				INFOPLIST_FILE = "Keep Up/Info.plist";
				IPHONEOS_DEPLOYMENT_TARGET = 13.0;
				LD_RUNPATH_SEARCH_PATHS = (
					"$(inherited)",
					"@executable_path/Frameworks",
				);
				PRODUCT_BUNDLE_IDENTIFIER = "duke.Keep-Up";
				PRODUCT_NAME = "$(TARGET_NAME)";
				SWIFT_VERSION = 5.0;
				TARGETED_DEVICE_FAMILY = "1,2";
			};
			name = Release;
		};
		D1F73035258D087200974903 /* Debug */ = {
			isa = XCBuildConfiguration;
			baseConfigurationReference = 94C5CE5B8B7DF434DD921467 /* Pods-Keep UpTests.debug.xcconfig */;
			buildSettings = {
				ALWAYS_EMBED_SWIFT_STANDARD_LIBRARIES = YES;
				BUNDLE_LOADER = "$(TEST_HOST)";
				CODE_SIGN_STYLE = Automatic;
				INFOPLIST_FILE = "Keep UpTests/Info.plist";
				IPHONEOS_DEPLOYMENT_TARGET = 14.3;
				LD_RUNPATH_SEARCH_PATHS = (
					"$(inherited)",
					"@executable_path/Frameworks",
					"@loader_path/Frameworks",
				);
				PRODUCT_BUNDLE_IDENTIFIER = "duke.Keep-UpTests";
				PRODUCT_NAME = "$(TARGET_NAME)";
				SWIFT_VERSION = 5.0;
				TARGETED_DEVICE_FAMILY = "1,2";
				TEST_HOST = "$(BUILT_PRODUCTS_DIR)/Keep Up.app/Keep Up";
			};
			name = Debug;
		};
		D1F73036258D087200974903 /* Release */ = {
			isa = XCBuildConfiguration;
			baseConfigurationReference = BDF1F65C1ACBF0EEB6283EE5 /* Pods-Keep UpTests.release.xcconfig */;
			buildSettings = {
				ALWAYS_EMBED_SWIFT_STANDARD_LIBRARIES = YES;
				BUNDLE_LOADER = "$(TEST_HOST)";
				CODE_SIGN_STYLE = Automatic;
				INFOPLIST_FILE = "Keep UpTests/Info.plist";
				IPHONEOS_DEPLOYMENT_TARGET = 14.3;
				LD_RUNPATH_SEARCH_PATHS = (
					"$(inherited)",
					"@executable_path/Frameworks",
					"@loader_path/Frameworks",
				);
				PRODUCT_BUNDLE_IDENTIFIER = "duke.Keep-UpTests";
				PRODUCT_NAME = "$(TARGET_NAME)";
				SWIFT_VERSION = 5.0;
				TARGETED_DEVICE_FAMILY = "1,2";
				TEST_HOST = "$(BUILT_PRODUCTS_DIR)/Keep Up.app/Keep Up";
			};
			name = Release;
		};
		D1F73038258D087200974903 /* Debug */ = {
			isa = XCBuildConfiguration;
			baseConfigurationReference = 39BA587AC2403AE40F800F53 /* Pods-Keep Up-Keep UpUITests.debug.xcconfig */;
			buildSettings = {
				ALWAYS_EMBED_SWIFT_STANDARD_LIBRARIES = YES;
				CODE_SIGN_STYLE = Automatic;
				INFOPLIST_FILE = "Keep UpUITests/Info.plist";
				LD_RUNPATH_SEARCH_PATHS = (
					"$(inherited)",
					"@executable_path/Frameworks",
					"@loader_path/Frameworks",
				);
				PRODUCT_BUNDLE_IDENTIFIER = "duke.Keep-UpUITests";
				PRODUCT_NAME = "$(TARGET_NAME)";
				SWIFT_VERSION = 5.0;
				TARGETED_DEVICE_FAMILY = "1,2";
				TEST_TARGET_NAME = "Keep Up";
			};
			name = Debug;
		};
		D1F73039258D087200974903 /* Release */ = {
			isa = XCBuildConfiguration;
			baseConfigurationReference = 6E6743E9DFEAA68C4ADA02E1 /* Pods-Keep Up-Keep UpUITests.release.xcconfig */;
			buildSettings = {
				ALWAYS_EMBED_SWIFT_STANDARD_LIBRARIES = YES;
				CODE_SIGN_STYLE = Automatic;
				INFOPLIST_FILE = "Keep UpUITests/Info.plist";
				LD_RUNPATH_SEARCH_PATHS = (
					"$(inherited)",
					"@executable_path/Frameworks",
					"@loader_path/Frameworks",
				);
				PRODUCT_BUNDLE_IDENTIFIER = "duke.Keep-UpUITests";
				PRODUCT_NAME = "$(TARGET_NAME)";
				SWIFT_VERSION = 5.0;
				TARGETED_DEVICE_FAMILY = "1,2";
				TEST_TARGET_NAME = "Keep Up";
			};
			name = Release;
		};
/* End XCBuildConfiguration section */

/* Begin XCConfigurationList section */
		D1F73002258D086C00974903 /* Build configuration list for PBXProject "Keep Up" */ = {
			isa = XCConfigurationList;
			buildConfigurations = (
				D1F7302F258D087200974903 /* Debug */,
				D1F73030258D087200974903 /* Release */,
			);
			defaultConfigurationIsVisible = 0;
			defaultConfigurationName = Release;
		};
		D1F73031258D087200974903 /* Build configuration list for PBXNativeTarget "Keep Up" */ = {
			isa = XCConfigurationList;
			buildConfigurations = (
				D1F73032258D087200974903 /* Debug */,
				D1F73033258D087200974903 /* Release */,
			);
			defaultConfigurationIsVisible = 0;
			defaultConfigurationName = Release;
		};
		D1F73034258D087200974903 /* Build configuration list for PBXNativeTarget "Keep UpTests" */ = {
			isa = XCConfigurationList;
			buildConfigurations = (
				D1F73035258D087200974903 /* Debug */,
				D1F73036258D087200974903 /* Release */,
			);
			defaultConfigurationIsVisible = 0;
			defaultConfigurationName = Release;
		};
		D1F73037258D087200974903 /* Build configuration list for PBXNativeTarget "Keep UpUITests" */ = {
			isa = XCConfigurationList;
			buildConfigurations = (
				D1F73038258D087200974903 /* Debug */,
				D1F73039258D087200974903 /* Release */,
			);
			defaultConfigurationIsVisible = 0;
			defaultConfigurationName = Release;
		};
/* End XCConfigurationList section */
	};
	rootObject = D1F72FFF258D086C00974903 /* Project object */;
}
